
Microsoft Visual Studio Solution File, Format Version 12.00
# Visual Studio Version 17
VisualStudioVersion = 17.3.32825.248
MinimumVisualStudioVersion = 10.0.40219.1
Project("{9A19103F-16F7-4668-BE54-9A1E7A4F7556}") = "InfoAuto", "InfoAuto\InfoAuto.csproj", "{E8056DD3-59E8-4480-A84E-FD5D40834374}"
EndProject
Project("{9A19103F-16F7-4668-BE54-9A1E7A4F7556}") = "FlightCalculation", "..\FlightCalculation\FlightCalculation\FlightCalculation.csproj", "{10E529BC-DC24-4151-98EC-7FCFF814C335}"
EndProject
Project("{9A19103F-16F7-4668-BE54-9A1E7A4F7556}") = "NumeralSystem", "..\NumeralSystem\NumeralSystem\NumeralSystem.csproj", "{F9C4F0A0-F7A2-40D9-99AB-3825ED11121E}"
EndProject
Project("{9A19103F-16F7-4668-BE54-9A1E7A4F7556}") = "SequenceApp", "..\SequenceApp\SequenceApp\SequenceApp.csproj", "{B237FADB-514F-4ACB-87A8-B6A0D7EEB749}"
EndProject
Project("{9A19103F-16F7-4668-BE54-9A1E7A4F7556}") = "CarPark", "..\CarPark\CarPark\CarPark.csproj", "{4B1B3706-460C-42B4-9F92-C2D6D2D90887}"
EndProject
Global
	GlobalSection(SolutionConfigurationPlatforms) = preSolution
		Debug|Any CPU = Debug|Any CPU
		Release|Any CPU = Release|Any CPU
	EndGlobalSection
	GlobalSection(ProjectConfigurationPlatforms) = postSolution
		{E8056DD3-59E8-4480-A84E-FD5D40834374}.Debug|Any CPU.ActiveCfg = Debug|Any CPU
		{E8056DD3-59E8-4480-A84E-FD5D40834374}.Debug|Any CPU.Build.0 = Debug|Any CPU
		{E8056DD3-59E8-4480-A84E-FD5D40834374}.Release|Any CPU.ActiveCfg = Release|Any CPU
		{E8056DD3-59E8-4480-A84E-FD5D40834374}.Release|Any CPU.Build.0 = Release|Any CPU
		{10E529BC-DC24-4151-98EC-7FCFF814C335}.Debug|Any CPU.ActiveCfg = Debug|Any CPU
		{10E529BC-DC24-4151-98EC-7FCFF814C335}.Debug|Any CPU.Build.0 = Debug|Any CPU
		{10E529BC-DC24-4151-98EC-7FCFF814C335}.Release|Any CPU.ActiveCfg = Release|Any CPU
		{10E529BC-DC24-4151-98EC-7FCFF814C335}.Release|Any CPU.Build.0 = Release|Any CPU
		{F9C4F0A0-F7A2-40D9-99AB-3825ED11121E}.Debug|Any CPU.ActiveCfg = Debug|Any CPU
		{F9C4F0A0-F7A2-40D9-99AB-3825ED11121E}.Debug|Any CPU.Build.0 = Debug|Any CPU
		{F9C4F0A0-F7A2-40D9-99AB-3825ED11121E}.Release|Any CPU.ActiveCfg = Release|Any CPU
		{F9C4F0A0-F7A2-40D9-99AB-3825ED11121E}.Release|Any CPU.Build.0 = Release|Any CPU
		{B237FADB-514F-4ACB-87A8-B6A0D7EEB749}.Debug|Any CPU.ActiveCfg = Debug|Any CPU
		{B237FADB-514F-4ACB-87A8-B6A0D7EEB749}.Debug|Any CPU.Build.0 = Debug|Any CPU
		{B237FADB-514F-4ACB-87A8-B6A0D7EEB749}.Release|Any CPU.ActiveCfg = Release|Any CPU
		{B237FADB-514F-4ACB-87A8-B6A0D7EEB749}.Release|Any CPU.Build.0 = Release|Any CPU
		{4B1B3706-460C-42B4-9F92-C2D6D2D90887}.Debug|Any CPU.ActiveCfg = Debug|Any CPU
		{4B1B3706-460C-42B4-9F92-C2D6D2D90887}.Debug|Any CPU.Build.0 = Debug|Any CPU
		{4B1B3706-460C-42B4-9F92-C2D6D2D90887}.Release|Any CPU.ActiveCfg = Release|Any CPU
		{4B1B3706-460C-42B4-9F92-C2D6D2D90887}.Release|Any CPU.Build.0 = Release|Any CPU
	EndGlobalSection
	GlobalSection(SolutionProperties) = preSolution
		HideSolutionNode = FALSE
	EndGlobalSection
	GlobalSection(ExtensibilityGlobals) = postSolution
		SolutionGuid = {208E83C6-EEFE-4614-9CC3-282F240400F4}
	EndGlobalSection
EndGlobal
